// !$*UTF8*$!
{
	archiveVersion = 1;
	classes = {
	};
	objectVersion = 55;
	objects = {

/* Begin PBXBuildFile section */
		1C74201727F45C590087D2E9 /* FoodMixApp.swift in Sources */ = {isa = PBXBuildFile; fileRef = 1C74201627F45C590087D2E9 /* FoodMixApp.swift */; };
		1C74201927F45C590087D2E9 /* ContentView.swift in Sources */ = {isa = PBXBuildFile; fileRef = 1C74201827F45C590087D2E9 /* ContentView.swift */; };
		1C74201E27F45C5A0087D2E9 /* Preview Assets.xcassets in Resources */ = {isa = PBXBuildFile; fileRef = 1C74201D27F45C5A0087D2E9 /* Preview Assets.xcassets */; };
		1C74202527F464950087D2E9 /* Assets.xcassets in Resources */ = {isa = PBXBuildFile; fileRef = 1C74202427F464950087D2E9 /* Assets.xcassets */; };
		1C74202827F467350087D2E9 /* FoodMix.xcdatamodeld in Sources */ = {isa = PBXBuildFile; fileRef = 1C74202627F467350087D2E9 /* FoodMix.xcdatamodeld */; };
		1C74202A27F468350087D2E9 /* GoogleService-Info.plist in Resources */ = {isa = PBXBuildFile; fileRef = 1C74202927F468350087D2E9 /* GoogleService-Info.plist */; };
		1C74204327F46E6D0087D2E9 /* RecipeView.swift in Sources */ = {isa = PBXBuildFile; fileRef = 1C74204227F46E6D0087D2E9 /* RecipeView.swift */; };
		1C74204927F46E960087D2E9 /* CategoriesView.swift in Sources */ = {isa = PBXBuildFile; fileRef = 1C74204427F46E960087D2E9 /* CategoriesView.swift */; };
		1C74204A27F46E960087D2E9 /* MainView.swift in Sources */ = {isa = PBXBuildFile; fileRef = 1C74204527F46E960087D2E9 /* MainView.swift */; };
		1C74204B27F46E960087D2E9 /* NotificationView.swift in Sources */ = {isa = PBXBuildFile; fileRef = 1C74204627F46E960087D2E9 /* NotificationView.swift */; };
		1C74204C27F46E960087D2E9 /* CategoryView.swift in Sources */ = {isa = PBXBuildFile; fileRef = 1C74204727F46E960087D2E9 /* CategoryView.swift */; };
		1C74204D27F46E960087D2E9 /* AuthView.swift in Sources */ = {isa = PBXBuildFile; fileRef = 1C74204827F46E960087D2E9 /* AuthView.swift */; };
/* End PBXBuildFile section */

/* Begin PBXFileReference section */
		1C74201327F45C590087D2E9 /* FoodMix.app */ = {isa = PBXFileReference; explicitFileType = wrapper.application; includeInIndex = 0; path = FoodMix.app; sourceTree = BUILT_PRODUCTS_DIR; };
		1C74201627F45C590087D2E9 /* FoodMixApp.swift */ = {isa = PBXFileReference; lastKnownFileType = sourcecode.swift; path = FoodMixApp.swift; sourceTree = "<group>"; };
		1C74201827F45C590087D2E9 /* ContentView.swift */ = {isa = PBXFileReference; lastKnownFileType = sourcecode.swift; path = ContentView.swift; sourceTree = "<group>"; };
		1C74201D27F45C5A0087D2E9 /* Preview Assets.xcassets */ = {isa = PBXFileReference; lastKnownFileType = folder.assetcatalog; path = "Preview Assets.xcassets"; sourceTree = "<group>"; };
		1C74202427F464950087D2E9 /* Assets.xcassets */ = {isa = PBXFileReference; lastKnownFileType = folder.assetcatalog; name = Assets.xcassets; path = "../../../../Desktop/FoodMix-Swift/FoodMix/Assets.xcassets"; sourceTree = "<group>"; };
		1C74202727F467350087D2E9 /* Model.xcdatamodel */ = {isa = PBXFileReference; lastKnownFileType = wrapper.xcdatamodel; path = Model.xcdatamodel; sourceTree = "<group>"; };
		1C74202927F468350087D2E9 /* GoogleService-Info.plist */ = {isa = PBXFileReference; fileEncoding = 4; lastKnownFileType = text.plist.xml; name = "GoogleService-Info.plist"; path = "../../../../Desktop/FoodMix-Swift/FoodMix/GoogleService-Info.plist"; sourceTree = "<group>"; };
		1C74204227F46E6D0087D2E9 /* RecipeView.swift */ = {isa = PBXFileReference; fileEncoding = 4; lastKnownFileType = sourcecode.swift; path = RecipeView.swift; sourceTree = "<group>"; };
		1C74204427F46E960087D2E9 /* CategoriesView.swift */ = {isa = PBXFileReference; fileEncoding = 4; lastKnownFileType = sourcecode.swift; path = CategoriesView.swift; sourceTree = "<group>"; };
		1C74204527F46E960087D2E9 /* MainView.swift */ = {isa = PBXFileReference; fileEncoding = 4; lastKnownFileType = sourcecode.swift; path = MainView.swift; sourceTree = "<group>"; };
		1C74204627F46E960087D2E9 /* NotificationView.swift */ = {isa = PBXFileReference; fileEncoding = 4; lastKnownFileType = sourcecode.swift; path = NotificationView.swift; sourceTree = "<group>"; };
		1C74204727F46E960087D2E9 /* CategoryView.swift */ = {isa = PBXFileReference; fileEncoding = 4; lastKnownFileType = sourcecode.swift; path = CategoryView.swift; sourceTree = "<group>"; };
		1C74204827F46E960087D2E9 /* AuthView.swift */ = {isa = PBXFileReference; fileEncoding = 4; lastKnownFileType = sourcecode.swift; path = AuthView.swift; sourceTree = "<group>"; };
/* End PBXFileReference section */

/* Begin PBXFrameworksBuildPhase section */
		1C74201027F45C590087D2E9 /* Frameworks */ = {
			isa = PBXFrameworksBuildPhase;
			buildActionMask = 2147483647;
			files = (
			);
			runOnlyForDeploymentPostprocessing = 0;
		};
/* End PBXFrameworksBuildPhase section */

/* Begin PBXGroup section */
		1C74200A27F45C590087D2E9 = {
			isa = PBXGroup;
			children = (
				1C74201527F45C590087D2E9 /* FoodMix */,
				1C74201427F45C590087D2E9 /* Products */,
			);
			sourceTree = "<group>";
		};
		1C74201427F45C590087D2E9 /* Products */ = {
			isa = PBXGroup;
			children = (
				1C74201327F45C590087D2E9 /* FoodMix.app */,
			);
			name = Products;
			sourceTree = "<group>";
		};
		1C74201527F45C590087D2E9 /* FoodMix */ = {
			isa = PBXGroup;
			children = (
				1C74202D27F46B5F0087D2E9 /* View */,
				1C74202627F467350087D2E9 /* FoodMix.xcdatamodeld */,
				1C74202427F464950087D2E9 /* Assets.xcassets */,
				1C74201627F45C590087D2E9 /* FoodMixApp.swift */,
				1C74201827F45C590087D2E9 /* ContentView.swift */,
				1C74202927F468350087D2E9 /* GoogleService-Info.plist */,
				1C74201C27F45C5A0087D2E9 /* Preview Content */,
			);
			path = FoodMix;
			sourceTree = "<group>";
		};
		1C74201C27F45C5A0087D2E9 /* Preview Content */ = {
			isa = PBXGroup;
			children = (
				1C74201D27F45C5A0087D2E9 /* Preview Assets.xcassets */,
			);
			path = "Preview Content";
			sourceTree = "<group>";
		};
		1C74202D27F46B5F0087D2E9 /* View */ = {
			isa = PBXGroup;
			children = (
				1C74204827F46E960087D2E9 /* AuthView.swift */,
				1C74204427F46E960087D2E9 /* CategoriesView.swift */,
				1C74204727F46E960087D2E9 /* CategoryView.swift */,
				1C74204527F46E960087D2E9 /* MainView.swift */,
				1C74204627F46E960087D2E9 /* NotificationView.swift */,
				1C74204227F46E6D0087D2E9 /* RecipeView.swift */,
			);
			path = View;
			sourceTree = "<group>";
		};
/* End PBXGroup section */

/* Begin PBXNativeTarget section */
		1C74201227F45C590087D2E9 /* FoodMix */ = {
			isa = PBXNativeTarget;
			buildConfigurationList = 1C74202127F45C5A0087D2E9 /* Build configuration list for PBXNativeTarget "FoodMix" */;
			buildPhases = (
				1C74200F27F45C590087D2E9 /* Sources */,
				1C74201027F45C590087D2E9 /* Frameworks */,
				1C74201127F45C590087D2E9 /* Resources */,
			);
			buildRules = (
			);
			dependencies = (
			);
			name = FoodMix;
			productName = FoodMix;
			productReference = 1C74201327F45C590087D2E9 /* FoodMix.app */;
			productType = "com.apple.product-type.application";
		};
/* End PBXNativeTarget section */

/* Begin PBXProject section */
		1C74200B27F45C590087D2E9 /* Project object */ = {
			isa = PBXProject;
			attributes = {
				BuildIndependentTargetsInParallel = 1;
				LastSwiftUpdateCheck = 1330;
				LastUpgradeCheck = 1330;
				TargetAttributes = {
					1C74201227F45C590087D2E9 = {
						CreatedOnToolsVersion = 13.3;
					};
				};
			};
			buildConfigurationList = 1C74200E27F45C590087D2E9 /* Build configuration list for PBXProject "FoodMix" */;
			compatibilityVersion = "Xcode 13.0";
			developmentRegion = en;
			hasScannedForEncodings = 0;
			knownRegions = (
				en,
				Base,
			);
			mainGroup = 1C74200A27F45C590087D2E9;
			productRefGroup = 1C74201427F45C590087D2E9 /* Products */;
			projectDirPath = "";
			projectRoot = "";
			targets = (
				1C74201227F45C590087D2E9 /* FoodMix */,
			);
		};
/* End PBXProject section */

/* Begin PBXResourcesBuildPhase section */
		1C74201127F45C590087D2E9 /* Resources */ = {
			isa = PBXResourcesBuildPhase;
			buildActionMask = 2147483647;
			files = (
				1C74202527F464950087D2E9 /* Assets.xcassets in Resources */,
				1C74201E27F45C5A0087D2E9 /* Preview Assets.xcassets in Resources */,
				1C74202A27F468350087D2E9 /* GoogleService-Info.plist in Resources */,
			);
			runOnlyForDeploymentPostprocessing = 0;
		};
/* End PBXResourcesBuildPhase section */

/* Begin PBXSourcesBuildPhase section */
		1C74200F27F45C590087D2E9 /* Sources */ = {
			isa = PBXSourcesBuildPhase;
			buildActionMask = 2147483647;
			files = (
				1C74201927F45C590087D2E9 /* ContentView.swift in Sources */,
				1C74204A27F46E960087D2E9 /* MainView.swift in Sources */,
				1C74204B27F46E960087D2E9 /* NotificationView.swift in Sources */,
				1C74202827F467350087D2E9 /* FoodMix.xcdatamodeld in Sources */,
				1C74201727F45C590087D2E9 /* FoodMixApp.swift in Sources */,
				1C74204927F46E960087D2E9 /* CategoriesView.swift in Sources */,
				1C74204C27F46E960087D2E9 /* CategoryView.swift in Sources */,
				1C74204327F46E6D0087D2E9 /* RecipeView.swift in Sources */,
				1C74204D27F46E960087D2E9 /* AuthView.swift in Sources */,
			);
			runOnlyForDeploymentPostprocessing = 0;
		};
/* End PBXSourcesBuildPhase section */

/* Begin XCBuildConfiguration section */
		1C74201F27F45C5A0087D2E9 /* Debug */ = {
			isa = XCBuildConfiguration;
			buildSettings = {
				ALWAYS_SEARCH_USER_PATHS = NO;
				CLANG_ANALYZER_NONNULL = YES;
				CLANG_ANALYZER_NUMBER_OBJECT_CONVERSION = YES_AGGRESSIVE;
				CLANG_CXX_LANGUAGE_STANDARD = "gnu++17";
				CLANG_ENABLE_MODULES = YES;
				CLANG_ENABLE_OBJC_ARC = YES;
				CLANG_ENABLE_OBJC_WEAK = YES;
				CLANG_WARN_BLOCK_CAPTURE_AUTORELEASING = YES;
				CLANG_WARN_BOOL_CONVERSION = YES;
				CLANG_WARN_COMMA = YES;
				CLANG_WARN_CONSTANT_CONVERSION = YES;
				CLANG_WARN_DEPRECATED_OBJC_IMPLEMENTATIONS = YES;
				CLANG_WARN_DIRECT_OBJC_ISA_USAGE = YES_ERROR;
				CLANG_WARN_DOCUMENTATION_COMMENTS = YES;
				CLANG_WARN_EMPTY_BODY = YES;
				CLANG_WARN_ENUM_CONVERSION = YES;
				CLANG_WARN_INFINITE_RECURSION = YES;
				CLANG_WARN_INT_CONVERSION = YES;
				CLANG_WARN_NON_LITERAL_NULL_CONVERSION = YES;
				CLANG_WARN_OBJC_IMPLICIT_RETAIN_SELF = YES;
				CLANG_WARN_OBJC_LITERAL_CONVERSION = YES;
				CLANG_WARN_OBJC_ROOT_CLASS = YES_ERROR;
				CLANG_WARN_QUOTED_INCLUDE_IN_FRAMEWORK_HEADER = YES;
				CLANG_WARN_RANGE_LOOP_ANALYSIS = YES;
				CLANG_WARN_STRICT_PROTOTYPES = YES;
				CLANG_WARN_SUSPICIOUS_MOVE = YES;
				CLANG_WARN_UNGUARDED_AVAILABILITY = YES_AGGRESSIVE;
				CLANG_WARN_UNREACHABLE_CODE = YES;
				CLANG_WARN__DUPLICATE_METHOD_MATCH = YES;
				COPY_PHASE_STRIP = NO;
				DEBUG_INFORMATION_FORMAT = dwarf;
				ENABLE_STRICT_OBJC_MSGSEND = YES;
				ENABLE_TESTABILITY = YES;
				GCC_C_LANGUAGE_STANDARD = gnu11;
				GCC_DYNAMIC_NO_PIC = NO;
				GCC_NO_COMMON_BLOCKS = YES;
				GCC_OPTIMIZATION_LEVEL = 0;
				GCC_PREPROCESSOR_DEFINITIONS = (
					"DEBUG=1",
					"$(inherited)",
				);
				GCC_WARN_64_TO_32_BIT_CONVERSION = YES;
				GCC_WARN_ABOUT_RETURN_TYPE = YES_ERROR;
				GCC_WARN_UNDECLARED_SELECTOR = YES;
				GCC_WARN_UNINITIALIZED_AUTOS = YES_AGGRESSIVE;
				GCC_WARN_UNUSED_FUNCTION = YES;
				GCC_WARN_UNUSED_VARIABLE = YES;
				IPHONEOS_DEPLOYMENT_TARGET = 15.4;
				MTL_ENABLE_DEBUG_INFO = INCLUDE_SOURCE;
				MTL_FAST_MATH = YES;
				ONLY_ACTIVE_ARCH = YES;
				SDKROOT = iphoneos;
				SWIFT_ACTIVE_COMPILATION_CONDITIONS = DEBUG;
				SWIFT_OPTIMIZATION_LEVEL = "-Onone";
			};
			name = Debug;
		};
		1C74202027F45C5A0087D2E9 /* Release */ = {
			isa = XCBuildConfiguration;
			buildSettings = {
				ALWAYS_SEARCH_USER_PATHS = NO;
				CLANG_ANALYZER_NONNULL = YES;
				CLANG_ANALYZER_NUMBER_OBJECT_CONVERSION = YES_AGGRESSIVE;
				CLANG_CXX_LANGUAGE_STANDARD = "gnu++17";
				CLANG_ENABLE_MODULES = YES;
				CLANG_ENABLE_OBJC_ARC = YES;
				CLANG_ENABLE_OBJC_WEAK = YES;
				CLANG_WARN_BLOCK_CAPTURE_AUTORELEASING = YES;
				CLANG_WARN_BOOL_CONVERSION = YES;
				CLANG_WARN_COMMA = YES;
				CLANG_WARN_CONSTANT_CONVERSION = YES;
				CLANG_WARN_DEPRECATED_OBJC_IMPLEMENTATIONS = YES;
				CLANG_WARN_DIRECT_OBJC_ISA_USAGE = YES_ERROR;
				CLANG_WARN_DOCUMENTATION_COMMENTS = YES;
				CLANG_WARN_EMPTY_BODY = YES;
				CLANG_WARN_ENUM_CONVERSION = YES;
				CLANG_WARN_INFINITE_RECURSION = YES;
				CLANG_WARN_INT_CONVERSION = YES;
				CLANG_WARN_NON_LITERAL_NULL_CONVERSION = YES;
				CLANG_WARN_OBJC_IMPLICIT_RETAIN_SELF = YES;
				CLANG_WARN_OBJC_LITERAL_CONVERSION = YES;
				CLANG_WARN_OBJC_ROOT_CLASS = YES_ERROR;
				CLANG_WARN_QUOTED_INCLUDE_IN_FRAMEWORK_HEADER = YES;
				CLANG_WARN_RANGE_LOOP_ANALYSIS = YES;
				CLANG_WARN_STRICT_PROTOTYPES = YES;
				CLANG_WARN_SUSPICIOUS_MOVE = YES;
				CLANG_WARN_UNGUARDED_AVAILABILITY = YES_AGGRESSIVE;
				CLANG_WARN_UNREACHABLE_CODE = YES;
				CLANG_WARN__DUPLICATE_METHOD_MATCH = YES;
				COPY_PHASE_STRIP = NO;
				DEBUG_INFORMATION_FORMAT = "dwarf-with-dsym";
				ENABLE_NS_ASSERTIONS = NO;
				ENABLE_STRICT_OBJC_MSGSEND = YES;
				GCC_C_LANGUAGE_STANDARD = gnu11;
				GCC_NO_COMMON_BLOCKS = YES;
				GCC_WARN_64_TO_32_BIT_CONVERSION = YES;
				GCC_WARN_ABOUT_RETURN_TYPE = YES_ERROR;
				GCC_WARN_UNDECLARED_SELECTOR = YES;
				GCC_WARN_UNINITIALIZED_AUTOS = YES_AGGRESSIVE;
				GCC_WARN_UNUSED_FUNCTION = YES;
				GCC_WARN_UNUSED_VARIABLE = YES;
				IPHONEOS_DEPLOYMENT_TARGET = 15.4;
				MTL_ENABLE_DEBUG_INFO = NO;
				MTL_FAST_MATH = YES;
				SDKROOT = iphoneos;
				SWIFT_COMPILATION_MODE = wholemodule;
				SWIFT_OPTIMIZATION_LEVEL = "-O";
				VALIDATE_PRODUCT = YES;
			};
			name = Release;
		};
		1C74202227F45C5A0087D2E9 /* Debug */ = {
			isa = XCBuildConfiguration;
			buildSettings = {
				ASSETCATALOG_COMPILER_APPICON_NAME = AppIcon;
				ASSETCATALOG_COMPILER_GLOBAL_ACCENT_COLOR_NAME = AccentColor;
				CODE_SIGN_STYLE = Automatic;
				CURRENT_PROJECT_VERSION = 1;
				DEVELOPMENT_ASSET_PATHS = "\"FoodMix/Preview Content\"";
				DEVELOPMENT_TEAM = J3NKJ48LMS;
				ENABLE_PREVIEWS = YES;
				GENERATE_INFOPLIST_FILE = YES;
				INFOPLIST_KEY_UIApplicationSceneManifest_Generation = YES;
				INFOPLIST_KEY_UIApplicationSupportsIndirectInputEvents = YES;
				INFOPLIST_KEY_UILaunchScreen_Generation = YES;
				INFOPLIST_KEY_UISupportedInterfaceOrientations_iPad = "UIInterfaceOrientationPortrait UIInterfaceOrientationPortraitUpsideDown UIInterfaceOrientationLandscapeLeft UIInterfaceOrientationLandscapeRight";
				INFOPLIST_KEY_UISupportedInterfaceOrientations_iPhone = "UIInterfaceOrientationPortrait UIInterfaceOrientationLandscapeLeft UIInterfaceOrientationLandscapeRight";
				LD_RUNPATH_SEARCH_PATHS = (
					"$(inherited)",
					"@executable_path/Frameworks",
				);
				MARKETING_VERSION = 1.0;
				PRODUCT_BUNDLE_IDENTIFIER = nguyenshort.FoodMix;
				PRODUCT_NAME = "$(TARGET_NAME)";
				SWIFT_EMIT_LOC_STRINGS = YES;
				SWIFT_VERSION = 5.0;
				TARGETED_DEVICE_FAMILY = "1,2";
			};
			name = Debug;
		};
		1C74202327F45C5A0087D2E9 /* Release */ = {
			isa = XCBuildConfiguration;
			buildSettings = {
				ASSETCATALOG_COMPILER_APPICON_NAME = AppIcon;
				ASSETCATALOG_COMPILER_GLOBAL_ACCENT_COLOR_NAME = AccentColor;
				CODE_SIGN_STYLE = Automatic;
				CURRENT_PROJECT_VERSION = 1;
				DEVELOPMENT_ASSET_PATHS = "\"FoodMix/Preview Content\"";
				DEVELOPMENT_TEAM = J3NKJ48LMS;
				ENABLE_PREVIEWS = YES;
				GENERATE_INFOPLIST_FILE = YES;
				INFOPLIST_KEY_UIApplicationSceneManifest_Generation = YES;
				INFOPLIST_KEY_UIApplicationSupportsIndirectInputEvents = YES;
				INFOPLIST_KEY_UILaunchScreen_Generation = YES;
				INFOPLIST_KEY_UISupportedInterfaceOrientations_iPad = "UIInterfaceOrientationPortrait UIInterfaceOrientationPortraitUpsideDown UIInterfaceOrientationLandscapeLeft UIInterfaceOrientationLandscapeRight";
				INFOPLIST_KEY_UISupportedInterfaceOrientations_iPhone = "UIInterfaceOrientationPortrait UIInterfaceOrientationLandscapeLeft UIInterfaceOrientationLandscapeRight";
				LD_RUNPATH_SEARCH_PATHS = (
					"$(inherited)",
					"@executable_path/Frameworks",
				);
				MARKETING_VERSION = 1.0;
				PRODUCT_BUNDLE_IDENTIFIER = nguyenshort.FoodMix;
				PRODUCT_NAME = "$(TARGET_NAME)";
				SWIFT_EMIT_LOC_STRINGS = YES;
				SWIFT_VERSION = 5.0;
				TARGETED_DEVICE_FAMILY = "1,2";
			};
			name = Release;
		};
/* End XCBuildConfiguration section */

/* Begin XCConfigurationList section */
		1C74200E27F45C590087D2E9 /* Build configuration list for PBXProject "FoodMix" */ = {
			isa = XCConfigurationList;
			buildConfigurations = (
				1C74201F27F45C5A0087D2E9 /* Debug */,
				1C74202027F45C5A0087D2E9 /* Release */,
			);
			defaultConfigurationIsVisible = 0;
			defaultConfigurationName = Release;
		};
		1C74202127F45C5A0087D2E9 /* Build configuration list for PBXNativeTarget "FoodMix" */ = {
			isa = XCConfigurationList;
			buildConfigurations = (
				1C74202227F45C5A0087D2E9 /* Debug */,
				1C74202327F45C5A0087D2E9 /* Release */,
			);
			defaultConfigurationIsVisible = 0;
			defaultConfigurationName = Release;
		};
/* End XCConfigurationList section */

/* Begin XCVersionGroup section */
		1C74202627F467350087D2E9 /* FoodMix.xcdatamodeld */ = {
			isa = XCVersionGroup;
			children = (
				1C74202727F467350087D2E9 /* Model.xcdatamodel */,
			);
			currentVersion = 1C74202727F467350087D2E9 /* Model.xcdatamodel */;
			name = FoodMix.xcdatamodeld;
			path = "../../../../Desktop/FoodMix-Swift/FoodMix/FoodMix.xcdatamodeld";
			sourceTree = "<group>";
			versionGroupType = wrapper.xcdatamodel;
		};
/* End XCVersionGroup section */
	};
	rootObject = 1C74200B27F45C590087D2E9 /* Project object */;
}
